// !$*UTF8*$!
{
	archiveVersion = 1;
	classes = {
	};
	objectVersion = 50;
	objects = {

/* Begin PBXBuildFile section */
		3339742521C0234E006AFC50 /* AppDelegate.swift in Sources */ = {isa = PBXBuildFile; fileRef = 3339742421C0234E006AFC50 /* AppDelegate.swift */; };
		3339742721C0234E006AFC50 /* ViewController.swift in Sources */ = {isa = PBXBuildFile; fileRef = 3339742621C0234E006AFC50 /* ViewController.swift */; };
		3339742A21C0234E006AFC50 /* Main.storyboard in Resources */ = {isa = PBXBuildFile; fileRef = 3339742821C0234E006AFC50 /* Main.storyboard */; };
		3339742C21C0234F006AFC50 /* Assets.xcassets in Resources */ = {isa = PBXBuildFile; fileRef = 3339742B21C0234F006AFC50 /* Assets.xcassets */; };
		3339742F21C0234F006AFC50 /* LaunchScreen.storyboard in Resources */ = {isa = PBXBuildFile; fileRef = 3339742D21C0234F006AFC50 /* LaunchScreen.storyboard */; };
		3339743A21C0234F006AFC50 /* webviewCollectionViewTests.swift in Sources */ = {isa = PBXBuildFile; fileRef = 3339743921C0234F006AFC50 /* webviewCollectionViewTests.swift */; };
		3339744521C0234F006AFC50 /* webviewCollectionViewUITests.swift in Sources */ = {isa = PBXBuildFile; fileRef = 3339744421C0234F006AFC50 /* webviewCollectionViewUITests.swift */; };
/* End PBXBuildFile section */

/* Begin PBXContainerItemProxy section */
		3339743621C0234F006AFC50 /* PBXContainerItemProxy */ = {
			isa = PBXContainerItemProxy;
			containerPortal = 3339741921C0234D006AFC50 /* Project object */;
			proxyType = 1;
			remoteGlobalIDString = 3339742021C0234D006AFC50;
			remoteInfo = webviewCollectionView;
		};
		3339744121C0234F006AFC50 /* PBXContainerItemProxy */ = {
			isa = PBXContainerItemProxy;
			containerPortal = 3339741921C0234D006AFC50 /* Project object */;
			proxyType = 1;
			remoteGlobalIDString = 3339742021C0234D006AFC50;
			remoteInfo = webviewCollectionView;
		};
/* End PBXContainerItemProxy section */

/* Begin PBXFileReference section */
		3339742121C0234E006AFC50 /* webviewCollectionView.app */ = {isa = PBXFileReference; explicitFileType = wrapper.application; includeInIndex = 0; path = webviewCollectionView.app; sourceTree = BUILT_PRODUCTS_DIR; };
		3339742421C0234E006AFC50 /* AppDelegate.swift */ = {isa = PBXFileReference; lastKnownFileType = sourcecode.swift; path = AppDelegate.swift; sourceTree = "<group>"; };
		3339742621C0234E006AFC50 /* ViewController.swift */ = {isa = PBXFileReference; lastKnownFileType = sourcecode.swift; path = ViewController.swift; sourceTree = "<group>"; };
		3339742921C0234E006AFC50 /* Base */ = {isa = PBXFileReference; lastKnownFileType = file.storyboard; name = Base; path = Base.lproj/Main.storyboard; sourceTree = "<group>"; };
		3339742B21C0234F006AFC50 /* Assets.xcassets */ = {isa = PBXFileReference; lastKnownFileType = folder.assetcatalog; path = Assets.xcassets; sourceTree = "<group>"; };
		3339742E21C0234F006AFC50 /* Base */ = {isa = PBXFileReference; lastKnownFileType = file.storyboard; name = Base; path = Base.lproj/LaunchScreen.storyboard; sourceTree = "<group>"; };
		3339743021C0234F006AFC50 /* Info.plist */ = {isa = PBXFileReference; lastKnownFileType = text.plist.xml; path = Info.plist; sourceTree = "<group>"; };
		3339743521C0234F006AFC50 /* webviewCollectionViewTests.xctest */ = {isa = PBXFileReference; explicitFileType = wrapper.cfbundle; includeInIndex = 0; path = webviewCollectionViewTests.xctest; sourceTree = BUILT_PRODUCTS_DIR; };
		3339743921C0234F006AFC50 /* webviewCollectionViewTests.swift */ = {isa = PBXFileReference; lastKnownFileType = sourcecode.swift; path = webviewCollectionViewTests.swift; sourceTree = "<group>"; };
		3339743B21C0234F006AFC50 /* Info.plist */ = {isa = PBXFileReference; lastKnownFileType = text.plist.xml; path = Info.plist; sourceTree = "<group>"; };
		3339744021C0234F006AFC50 /* webviewCollectionViewUITests.xctest */ = {isa = PBXFileReference; explicitFileType = wrapper.cfbundle; includeInIndex = 0; path = webviewCollectionViewUITests.xctest; sourceTree = BUILT_PRODUCTS_DIR; };
		3339744421C0234F006AFC50 /* webviewCollectionViewUITests.swift */ = {isa = PBXFileReference; lastKnownFileType = sourcecode.swift; path = webviewCollectionViewUITests.swift; sourceTree = "<group>"; };
		3339744621C0234F006AFC50 /* Info.plist */ = {isa = PBXFileReference; lastKnownFileType = text.plist.xml; path = Info.plist; sourceTree = "<group>"; };
/* End PBXFileReference section */

/* Begin PBXFrameworksBuildPhase section */
		3339741E21C0234D006AFC50 /* Frameworks */ = {
			isa = PBXFrameworksBuildPhase;
			buildActionMask = 2147483647;
			files = (
			);
			runOnlyForDeploymentPostprocessing = 0;
		};
		3339743221C0234F006AFC50 /* Frameworks */ = {
			isa = PBXFrameworksBuildPhase;
			buildActionMask = 2147483647;
			files = (
			);
			runOnlyForDeploymentPostprocessing = 0;
		};
		3339743D21C0234F006AFC50 /* Frameworks */ = {
			isa = PBXFrameworksBuildPhase;
			buildActionMask = 2147483647;
			files = (
			);
			runOnlyForDeploymentPostprocessing = 0;
		};
/* End PBXFrameworksBuildPhase section */

/* Begin PBXGroup section */
		3339741821C0234D006AFC50 = {
			isa = PBXGroup;
			children = (
				3339742321C0234E006AFC50 /* webviewCollectionView */,
				3339743821C0234F006AFC50 /* webviewCollectionViewTests */,
				3339744321C0234F006AFC50 /* webviewCollectionViewUITests */,
				3339742221C0234E006AFC50 /* Products */,
			);
			sourceTree = "<group>";
		};
		3339742221C0234E006AFC50 /* Products */ = {
			isa = PBXGroup;
			children = (
				3339742121C0234E006AFC50 /* webviewCollectionView.app */,
				3339743521C0234F006AFC50 /* webviewCollectionViewTests.xctest */,
				3339744021C0234F006AFC50 /* webviewCollectionViewUITests.xctest */,
			);
			name = Products;
			sourceTree = "<group>";
		};
		3339742321C0234E006AFC50 /* webviewCollectionView */ = {
			isa = PBXGroup;
			children = (
				3339742421C0234E006AFC50 /* AppDelegate.swift */,
				3339742621C0234E006AFC50 /* ViewController.swift */,
				3339742821C0234E006AFC50 /* Main.storyboard */,
				3339742B21C0234F006AFC50 /* Assets.xcassets */,
				3339742D21C0234F006AFC50 /* LaunchScreen.storyboard */,
				3339743021C0234F006AFC50 /* Info.plist */,
			);
			path = webviewCollectionView;
			sourceTree = "<group>";
		};
		3339743821C0234F006AFC50 /* webviewCollectionViewTests */ = {
			isa = PBXGroup;
			children = (
				3339743921C0234F006AFC50 /* webviewCollectionViewTests.swift */,
				3339743B21C0234F006AFC50 /* Info.plist */,
			);
			path = webviewCollectionViewTests;
			sourceTree = "<group>";
		};
		3339744321C0234F006AFC50 /* webviewCollectionViewUITests */ = {
			isa = PBXGroup;
			children = (
				3339744421C0234F006AFC50 /* webviewCollectionViewUITests.swift */,
				3339744621C0234F006AFC50 /* Info.plist */,
			);
			path = webviewCollectionViewUITests;
			sourceTree = "<group>";
		};
/* End PBXGroup section */

/* Begin PBXNativeTarget section */
		3339742021C0234D006AFC50 /* webviewCollectionView */ = {
			isa = PBXNativeTarget;
			buildConfigurationList = 3339744921C0234F006AFC50 /* Build configuration list for PBXNativeTarget "webviewCollectionView" */;
			buildPhases = (
				3339741D21C0234D006AFC50 /* Sources */,
				3339741E21C0234D006AFC50 /* Frameworks */,
				3339741F21C0234D006AFC50 /* Resources */,
			);
			buildRules = (
			);
			dependencies = (
			);
			name = webviewCollectionView;
			productName = webviewCollectionView;
			productReference = 3339742121C0234E006AFC50 /* webviewCollectionView.app */;
			productType = "com.apple.product-type.application";
		};
		3339743421C0234F006AFC50 /* webviewCollectionViewTests */ = {
			isa = PBXNativeTarget;
			buildConfigurationList = 3339744C21C0234F006AFC50 /* Build configuration list for PBXNativeTarget "webviewCollectionViewTests" */;
			buildPhases = (
				3339743121C0234F006AFC50 /* Sources */,
				3339743221C0234F006AFC50 /* Frameworks */,
				3339743321C0234F006AFC50 /* Resources */,
			);
			buildRules = (
			);
			dependencies = (
				3339743721C0234F006AFC50 /* PBXTargetDependency */,
			);
			name = webviewCollectionViewTests;
			productName = webviewCollectionViewTests;
			productReference = 3339743521C0234F006AFC50 /* webviewCollectionViewTests.xctest */;
			productType = "com.apple.product-type.bundle.unit-test";
		};
		3339743F21C0234F006AFC50 /* webviewCollectionViewUITests */ = {
			isa = PBXNativeTarget;
			buildConfigurationList = 3339744F21C0234F006AFC50 /* Build configuration list for PBXNativeTarget "webviewCollectionViewUITests" */;
			buildPhases = (
				3339743C21C0234F006AFC50 /* Sources */,
				3339743D21C0234F006AFC50 /* Frameworks */,
				3339743E21C0234F006AFC50 /* Resources */,
			);
			buildRules = (
			);
			dependencies = (
				3339744221C0234F006AFC50 /* PBXTargetDependency */,
			);
			name = webviewCollectionViewUITests;
			productName = webviewCollectionViewUITests;
			productReference = 3339744021C0234F006AFC50 /* webviewCollectionViewUITests.xctest */;
			productType = "com.apple.product-type.bundle.ui-testing";
		};
/* End PBXNativeTarget section */

/* Begin PBXProject section */
		3339741921C0234D006AFC50 /* Project object */ = {
			isa = PBXProject;
			attributes = {
				LastSwiftUpdateCheck = 1010;
				LastUpgradeCheck = 1010;
				ORGANIZATIONNAME = "Jacob Bailosky";
				TargetAttributes = {
					3339742021C0234D006AFC50 = {
						CreatedOnToolsVersion = 10.1;
					};
					3339743421C0234F006AFC50 = {
						CreatedOnToolsVersion = 10.1;
						TestTargetID = 3339742021C0234D006AFC50;
					};
					3339743F21C0234F006AFC50 = {
						CreatedOnToolsVersion = 10.1;
						TestTargetID = 3339742021C0234D006AFC50;
					};
				};
			};
			buildConfigurationList = 3339741C21C0234D006AFC50 /* Build configuration list for PBXProject "webviewCollectionView" */;
			compatibilityVersion = "Xcode 9.3";
			developmentRegion = en;
			hasScannedForEncodings = 0;
			knownRegions = (
				en,
				Base,
			);
			mainGroup = 3339741821C0234D006AFC50;
			productRefGroup = 3339742221C0234E006AFC50 /* Products */;
			projectDirPath = "";
			projectRoot = "";
			targets = (
				3339742021C0234D006AFC50 /* webviewCollectionView */,
				3339743421C0234F006AFC50 /* webviewCollectionViewTests */,
				3339743F21C0234F006AFC50 /* webviewCollectionViewUITests */,
			);
		};
/* End PBXProject section */

/* Begin PBXResourcesBuildPhase section */
		3339741F21C0234D006AFC50 /* Resources */ = {
			isa = PBXResourcesBuildPhase;
			buildActionMask = 2147483647;
			files = (
				3339742F21C0234F006AFC50 /* LaunchScreen.storyboard in Resources */,
				3339742C21C0234F006AFC50 /* Assets.xcassets in Resources */,
				3339742A21C0234E006AFC50 /* Main.storyboard in Resources */,
			);
			runOnlyForDeploymentPostprocessing = 0;
		};
		3339743321C0234F006AFC50 /* Resources */ = {
			isa = PBXResourcesBuildPhase;
			buildActionMask = 2147483647;
			files = (
			);
			runOnlyForDeploymentPostprocessing = 0;
		};
		3339743E21C0234F006AFC50 /* Resources */ = {
			isa = PBXResourcesBuildPhase;
			buildActionMask = 2147483647;
			files = (
			);
			runOnlyForDeploymentPostprocessing = 0;
		};
/* End PBXResourcesBuildPhase section */

/* Begin PBXSourcesBuildPhase section */
		3339741D21C0234D006AFC50 /* Sources */ = {
			isa = PBXSourcesBuildPhase;
			buildActionMask = 2147483647;
			files = (
				3339742721C0234E006AFC50 /* ViewController.swift in Sources */,
				3339742521C0234E006AFC50 /* AppDelegate.swift in Sources */,
			);
			runOnlyForDeploymentPostprocessing = 0;
		};
		3339743121C0234F006AFC50 /* Sources */ = {
			isa = PBXSourcesBuildPhase;
			buildActionMask = 2147483647;
			files = (
				3339743A21C0234F006AFC50 /* webviewCollectionViewTests.swift in Sources */,
			);
			runOnlyForDeploymentPostprocessing = 0;
		};
		3339743C21C0234F006AFC50 /* Sources */ = {
			isa = PBXSourcesBuildPhase;
			buildActionMask = 2147483647;
			files = (
				3339744521C0234F006AFC50 /* webviewCollectionViewUITests.swift in Sources */,
			);
			runOnlyForDeploymentPostprocessing = 0;
		};
/* End PBXSourcesBuildPhase section */

/* Begin PBXTargetDependency section */
		3339743721C0234F006AFC50 /* PBXTargetDependency */ = {
			isa = PBXTargetDependency;
			target = 3339742021C0234D006AFC50 /* webviewCollectionView */;
			targetProxy = 3339743621C0234F006AFC50 /* PBXContainerItemProxy */;
		};
		3339744221C0234F006AFC50 /* PBXTargetDependency */ = {
			isa = PBXTargetDependency;
			target = 3339742021C0234D006AFC50 /* webviewCollectionView */;
			targetProxy = 3339744121C0234F006AFC50 /* PBXContainerItemProxy */;
		};
/* End PBXTargetDependency section */

/* Begin PBXVariantGroup section */
		3339742821C0234E006AFC50 /* Main.storyboard */ = {
			isa = PBXVariantGroup;
			children = (
				3339742921C0234E006AFC50 /* Base */,
			);
			name = Main.storyboard;
			sourceTree = "<group>";
		};
		3339742D21C0234F006AFC50 /* LaunchScreen.storyboard */ = {
			isa = PBXVariantGroup;
			children = (
				3339742E21C0234F006AFC50 /* Base */,
			);
			name = LaunchScreen.storyboard;
			sourceTree = "<group>";
		};
/* End PBXVariantGroup section */

/* Begin XCBuildConfiguration section */
		3339744721C0234F006AFC50 /* Debug */ = {
			isa = XCBuildConfiguration;
			buildSettings = {
				ALWAYS_SEARCH_USER_PATHS = NO;
				CLANG_ANALYZER_NONNULL = YES;
				CLANG_ANALYZER_NUMBER_OBJECT_CONVERSION = YES_AGGRESSIVE;
				CLANG_CXX_LANGUAGE_STANDARD = "gnu++14";
				CLANG_CXX_LIBRARY = "libc++";
				CLANG_ENABLE_MODULES = YES;
				CLANG_ENABLE_OBJC_ARC = YES;
				CLANG_ENABLE_OBJC_WEAK = YES;
				CLANG_WARN_BLOCK_CAPTURE_AUTORELEASING = YES;
				CLANG_WARN_BOOL_CONVERSION = YES;
				CLANG_WARN_COMMA = YES;
				CLANG_WARN_CONSTANT_CONVERSION = YES;
				CLANG_WARN_DEPRECATED_OBJC_IMPLEMENTATIONS = YES;
				CLANG_WARN_DIRECT_OBJC_ISA_USAGE = YES_ERROR;
				CLANG_WARN_DOCUMENTATION_COMMENTS = YES;
				CLANG_WARN_EMPTY_BODY = YES;
				CLANG_WARN_ENUM_CONVERSION = YES;
				CLANG_WARN_INFINITE_RECURSION = YES;
				CLANG_WARN_INT_CONVERSION = YES;
				CLANG_WARN_NON_LITERAL_NULL_CONVERSION = YES;
				CLANG_WARN_OBJC_IMPLICIT_RETAIN_SELF = YES;
				CLANG_WARN_OBJC_LITERAL_CONVERSION = YES;
				CLANG_WARN_OBJC_ROOT_CLASS = YES_ERROR;
				CLANG_WARN_RANGE_LOOP_ANALYSIS = YES;
				CLANG_WARN_STRICT_PROTOTYPES = YES;
				CLANG_WARN_SUSPICIOUS_MOVE = YES;
				CLANG_WARN_UNGUARDED_AVAILABILITY = YES_AGGRESSIVE;
				CLANG_WARN_UNREACHABLE_CODE = YES;
				CLANG_WARN__DUPLICATE_METHOD_MATCH = YES;
				CODE_SIGN_IDENTITY = "iPhone Developer";
				COPY_PHASE_STRIP = NO;
				DEBUG_INFORMATION_FORMAT = dwarf;
				ENABLE_STRICT_OBJC_MSGSEND = YES;
				ENABLE_TESTABILITY = YES;
				GCC_C_LANGUAGE_STANDARD = gnu11;
				GCC_DYNAMIC_NO_PIC = NO;
				GCC_NO_COMMON_BLOCKS = YES;
				GCC_OPTIMIZATION_LEVEL = 0;
				GCC_PREPROCESSOR_DEFINITIONS = (
					"DEBUG=1",
					"$(inherited)",
				);
				GCC_WARN_64_TO_32_BIT_CONVERSION = YES;
				GCC_WARN_ABOUT_RETURN_TYPE = YES_ERROR;
				GCC_WARN_UNDECLARED_SELECTOR = YES;
				GCC_WARN_UNINITIALIZED_AUTOS = YES_AGGRESSIVE;
				GCC_WARN_UNUSED_FUNCTION = YES;
				GCC_WARN_UNUSED_VARIABLE = YES;
				IPHONEOS_DEPLOYMENT_TARGET = 12.1;
				MTL_ENABLE_DEBUG_INFO = INCLUDE_SOURCE;
				MTL_FAST_MATH = YES;
				ONLY_ACTIVE_ARCH = YES;
				SDKROOT = iphoneos;
				SWIFT_ACTIVE_COMPILATION_CONDITIONS = DEBUG;
				SWIFT_OPTIMIZATION_LEVEL = "-Onone";
			};
			name = Debug;
		};
		3339744821C0234F006AFC50 /* Release */ = {
			isa = XCBuildConfiguration;
			buildSettings = {
				ALWAYS_SEARCH_USER_PATHS = NO;
				CLANG_ANALYZER_NONNULL = YES;
				CLANG_ANALYZER_NUMBER_OBJECT_CONVERSION = YES_AGGRESSIVE;
				CLANG_CXX_LANGUAGE_STANDARD = "gnu++14";
				CLANG_CXX_LIBRARY = "libc++";
				CLANG_ENABLE_MODULES = YES;
				CLANG_ENABLE_OBJC_ARC = YES;
				CLANG_ENABLE_OBJC_WEAK = YES;
				CLANG_WARN_BLOCK_CAPTURE_AUTORELEASING = YES;
				CLANG_WARN_BOOL_CONVERSION = YES;
				CLANG_WARN_COMMA = YES;
				CLANG_WARN_CONSTANT_CONVERSION = YES;
				CLANG_WARN_DEPRECATED_OBJC_IMPLEMENTATIONS = YES;
				CLANG_WARN_DIRECT_OBJC_ISA_USAGE = YES_ERROR;
				CLANG_WARN_DOCUMENTATION_COMMENTS = YES;
				CLANG_WARN_EMPTY_BODY = YES;
				CLANG_WARN_ENUM_CONVERSION = YES;
				CLANG_WARN_INFINITE_RECURSION = YES;
				CLANG_WARN_INT_CONVERSION = YES;
				CLANG_WARN_NON_LITERAL_NULL_CONVERSION = YES;
				CLANG_WARN_OBJC_IMPLICIT_RETAIN_SELF = YES;
				CLANG_WARN_OBJC_LITERAL_CONVERSION = YES;
				CLANG_WARN_OBJC_ROOT_CLASS = YES_ERROR;
				CLANG_WARN_RANGE_LOOP_ANALYSIS = YES;
				CLANG_WARN_STRICT_PROTOTYPES = YES;
				CLANG_WARN_SUSPICIOUS_MOVE = YES;
				CLANG_WARN_UNGUARDED_AVAILABILITY = YES_AGGRESSIVE;
				CLANG_WARN_UNREACHABLE_CODE = YES;
				CLANG_WARN__DUPLICATE_METHOD_MATCH = YES;
				CODE_SIGN_IDENTITY = "iPhone Developer";
				COPY_PHASE_STRIP = NO;
				DEBUG_INFORMATION_FORMAT = "dwarf-with-dsym";
				ENABLE_NS_ASSERTIONS = NO;
				ENABLE_STRICT_OBJC_MSGSEND = YES;
				GCC_C_LANGUAGE_STANDARD = gnu11;
				GCC_NO_COMMON_BLOCKS = YES;
				GCC_WARN_64_TO_32_BIT_CONVERSION = YES;
				GCC_WARN_ABOUT_RETURN_TYPE = YES_ERROR;
				GCC_WARN_UNDECLARED_SELECTOR = YES;
				GCC_WARN_UNINITIALIZED_AUTOS = YES_AGGRESSIVE;
				GCC_WARN_UNUSED_FUNCTION = YES;
				GCC_WARN_UNUSED_VARIABLE = YES;
				IPHONEOS_DEPLOYMENT_TARGET = 12.1;
				MTL_ENABLE_DEBUG_INFO = NO;
				MTL_FAST_MATH = YES;
				SDKROOT = iphoneos;
				SWIFT_COMPILATION_MODE = wholemodule;
				SWIFT_OPTIMIZATION_LEVEL = "-O";
				VALIDATE_PRODUCT = YES;
			};
			name = Release;
		};
		3339744A21C0234F006AFC50 /* Debug */ = {
			isa = XCBuildConfiguration;
			buildSettings = {
				ASSETCATALOG_COMPILER_APPICON_NAME = AppIcon;
				CODE_SIGN_STYLE = Automatic;
				INFOPLIST_FILE = webviewCollectionView/Info.plist;
				LD_RUNPATH_SEARCH_PATHS = (
					"$(inherited)",
					"@executable_path/Frameworks",
				);
				PRODUCT_BUNDLE_IDENTIFIER = com.projitechllc.webviewCollectionView;
				PRODUCT_NAME = "$(TARGET_NAME)";
				SWIFT_VERSION = 4.2;
				TARGETED_DEVICE_FAMILY = "1,2";
			};
			name = Debug;
		};
		3339744B21C0234F006AFC50 /* Release */ = {
			isa = XCBuildConfiguration;
			buildSettings = {
				ASSETCATALOG_COMPILER_APPICON_NAME = AppIcon;
				CODE_SIGN_STYLE = Automatic;
				INFOPLIST_FILE = webviewCollectionView/Info.plist;
				LD_RUNPATH_SEARCH_PATHS = (
					"$(inherited)",
					"@executable_path/Frameworks",
				);
				PRODUCT_BUNDLE_IDENTIFIER = com.projitechllc.webviewCollectionView;
				PRODUCT_NAME = "$(TARGET_NAME)";
				SWIFT_VERSION = 4.2;
				TARGETED_DEVICE_FAMILY = "1,2";
			};
			name = Release;
		};
		3339744D21C0234F006AFC50 /* Debug */ = {
			isa = XCBuildConfiguration;
			buildSettings = {
				ALWAYS_EMBED_SWIFT_STANDARD_LIBRARIES = YES;
				BUNDLE_LOADER = "$(TEST_HOST)";
				CODE_SIGN_STYLE = Automatic;
				INFOPLIST_FILE = webviewCollectionViewTests/Info.plist;
				LD_RUNPATH_SEARCH_PATHS = (
					"$(inherited)",
					"@executable_path/Frameworks",
					"@loader_path/Frameworks",
				);
				PRODUCT_BUNDLE_IDENTIFIER = com.projitechllc.webviewCollectionViewTests;
				PRODUCT_NAME = "$(TARGET_NAME)";
				SWIFT_VERSION = 4.2;
				TARGETED_DEVICE_FAMILY = "1,2";
				TEST_HOST = "$(BUILT_PRODUCTS_DIR)/webviewCollectionView.app/webviewCollectionView";
			};
			name = Debug;
		};
		3339744E21C0234F006AFC50 /* Release */ = {
			isa = XCBuildConfiguration;
			buildSettings = {
				ALWAYS_EMBED_SWIFT_STANDARD_LIBRARIES = YES;
				BUNDLE_LOADER = "$(TEST_HOST)";
				CODE_SIGN_STYLE = Automatic;
				INFOPLIST_FILE = webviewCollectionViewTests/Info.plist;
				LD_RUNPATH_SEARCH_PATHS = (
					"$(inherited)",
					"@executable_path/Frameworks",
					"@loader_path/Frameworks",
				);
				PRODUCT_BUNDLE_IDENTIFIER = com.projitechllc.webviewCollectionViewTests;
				PRODUCT_NAME = "$(TARGET_NAME)";
				SWIFT_VERSION = 4.2;
				TARGETED_DEVICE_FAMILY = "1,2";
				TEST_HOST = "$(BUILT_PRODUCTS_DIR)/webviewCollectionView.app/webviewCollectionView";
			};
			name = Release;
		};
		3339745021C0234F006AFC50 /* Debug */ = {
			isa = XCBuildConfiguration;
			buildSettings = {
				ALWAYS_EMBED_SWIFT_STANDARD_LIBRARIES = YES;
				CODE_SIGN_STYLE = Automatic;
				INFOPLIST_FILE = webviewCollectionViewUITests/Info.plist;
				LD_RUNPATH_SEARCH_PATHS = (
					"$(inherited)",
					"@executable_path/Frameworks",
					"@loader_path/Frameworks",
				);
				PRODUCT_BUNDLE_IDENTIFIER = com.projitechllc.webviewCollectionViewUITests;
				PRODUCT_NAME = "$(TARGET_NAME)";
				SWIFT_VERSION = 4.2;
				TARGETED_DEVICE_FAMILY = "1,2";
				TEST_TARGET_NAME = webviewCollectionView;
			};
			name = Debug;
		};
		3339745121C0234F006AFC50 /* Release */ = {
			isa = XCBuildConfiguration;
			buildSettings = {
				ALWAYS_EMBED_SWIFT_STANDARD_LIBRARIES = YES;
				CODE_SIGN_STYLE = Automatic;
				INFOPLIST_FILE = webviewCollectionViewUITests/Info.plist;
				LD_RUNPATH_SEARCH_PATHS = (
					"$(inherited)",
					"@executable_path/Frameworks",
					"@loader_path/Frameworks",
				);
				PRODUCT_BUNDLE_IDENTIFIER = com.projitechllc.webviewCollectionViewUITests;
				PRODUCT_NAME = "$(TARGET_NAME)";
				SWIFT_VERSION = 4.2;
				TARGETED_DEVICE_FAMILY = "1,2";
				TEST_TARGET_NAME = webviewCollectionView;
			};
			name = Release;
		};
/* End XCBuildConfiguration section */

/* Begin XCConfigurationList section */
		3339741C21C0234D006AFC50 /* Build configuration list for PBXProject "webviewCollectionView" */ = {
			isa = XCConfigurationList;
			buildConfigurations = (
				3339744721C0234F006AFC50 /* Debug */,
				3339744821C0234F006AFC50 /* Release */,
			);
			defaultConfigurationIsVisible = 0;
			defaultConfigurationName = Release;
		};
		3339744921C0234F006AFC50 /* Build configuration list for PBXNativeTarget "webviewCollectionView" */ = {
			isa = XCConfigurationList;
			buildConfigurations = (
				3339744A21C0234F006AFC50 /* Debug */,
				3339744B21C0234F006AFC50 /* Release */,
			);
			defaultConfigurationIsVisible = 0;
			defaultConfigurationName = Release;
		};
		3339744C21C0234F006AFC50 /* Build configuration list for PBXNativeTarget "webviewCollectionViewTests" */ = {
			isa = XCConfigurationList;
			buildConfigurations = (
				3339744D21C0234F006AFC50 /* Debug */,
				3339744E21C0234F006AFC50 /* Release */,
			);
			defaultConfigurationIsVisible = 0;
			defaultConfigurationName = Release;
		};
		3339744F21C0234F006AFC50 /* Build configuration list for PBXNativeTarget "webviewCollectionViewUITests" */ = {
			isa = XCConfigurationList;
			buildConfigurations = (
				3339745021C0234F006AFC50 /* Debug */,
				3339745121C0234F006AFC50 /* Release */,
			);
			defaultConfigurationIsVisible = 0;
			defaultConfigurationName = Release;
		};
/* End XCConfigurationList section */
	};
	rootObject = 3339741921C0234D006AFC50 /* Project object */;
}
